
Microsoft Visual Studio Solution File, Format Version 12.00
# Visual Studio 15
VisualStudioVersion = 15.0.27428.2027
MinimumVisualStudioVersion = 10.0.40219.1
Project("{FAE04EC0-301F-11D3-BF4B-00C04F79EFBC}") = "Swarm2D.Library", "Swarm2D.Library\Swarm2D.Library.csproj", "{6C71FC43-48A5-49E5-A551-DD2613C6E6AB}"
EndProject
Project("{FAE04EC0-301F-11D3-BF4B-00C04F79EFBC}") = "Swarm2D.Engine.Logic", "Swarm2D.Engine.Logic\Swarm2D.Engine.Logic.csproj", "{D4BE5483-B175-42AF-BC61-11F69B7FF33A}"
EndProject
Project("{FAE04EC0-301F-11D3-BF4B-00C04F79EFBC}") = "Swarm2D.SceneEditor", "Swarm2D.SceneEditor\Swarm2D.SceneEditor.csproj", "{90B8198E-95E0-4A6F-A32B-FD3EFCCD2389}"
EndProject
Project("{FAE04EC0-301F-11D3-BF4B-00C04F79EFBC}") = "Swarm2D.Game", "Swarm2D.Game\Swarm2D.Game.csproj", "{466195D8-09E4-475F-B45F-730839F477DF}"
EndProject
Project("{FAE04EC0-301F-11D3-BF4B-00C04F79EFBC}") = "Swarm2D.Starter", "Swarm2D.Starter\Swarm2D.Starter.csproj", "{2D97BE2C-537A-41FC-8241-A49F1A7D6CA1}"
	ProjectSection(ProjectDependencies) = postProject
		{072CFB6F-A48B-4B87-A09A-9A30AB6BA1E6} = {072CFB6F-A48B-4B87-A09A-9A30AB6BA1E6}
	EndProjectSection
EndProject
Project("{FAE04EC0-301F-11D3-BF4B-00C04F79EFBC}") = "Swarm2D.Network.TCPDriver", "Swarm2D.Network.TCPDriver\Swarm2D.Network.TCPDriver.csproj", "{6597A877-2990-448C-B055-B445A9063041}"
EndProject
Project("{FAE04EC0-301F-11D3-BF4B-00C04F79EFBC}") = "Swarm2D.SpriteEditor", "Swarm2D.SpriteEditor\Swarm2D.SpriteEditor.csproj", "{640E5C47-C2DF-44C9-8F2F-937D6C90B68A}"
EndProject
Project("{FAE04EC0-301F-11D3-BF4B-00C04F79EFBC}") = "Swarm2D.WindowsFramework", "Swarm2D.WindowsFramework\Swarm2D.WindowsFramework.csproj", "{707F2179-B831-4BDB-A081-5B7FE460C439}"
EndProject
Project("{FAE04EC0-301F-11D3-BF4B-00C04F79EFBC}") = "Swarm2D.UnityFramework", "Swarm2D.UnityFramework\Swarm2D.UnityFramework.csproj", "{072CFB6F-A48B-4B87-A09A-9A30AB6BA1E6}"
	ProjectSection(ProjectDependencies) = postProject
		{6597A877-2990-448C-B055-B445A9063041} = {6597A877-2990-448C-B055-B445A9063041}
	EndProjectSection
EndProject
Project("{FAE04EC0-301F-11D3-BF4B-00C04F79EFBC}") = "Swarm2D.Engine.View", "Swarm2D.Engine.View\Swarm2D.Engine.View.csproj", "{83245878-19B2-4889-B168-64EE10A74448}"
EndProject
Project("{FAE04EC0-301F-11D3-BF4B-00C04F79EFBC}") = "Swarm2D.WindowsDebugger", "Swarm2D.WindowsDebugger\Swarm2D.WindowsDebugger.csproj", "{39E329B0-A7F3-4E68-8664-1FDC1DB6233B}"
EndProject
Project("{FAE04EC0-301F-11D3-BF4B-00C04F79EFBC}") = "Swarm2D.Engine.Core", "Swarm2D.Engine.Core\Swarm2D.Engine.Core.csproj", "{00E94D79-DD7A-4DD9-85F8-AD2BFE20C42B}"
EndProject
Project("{FAE04EC0-301F-11D3-BF4B-00C04F79EFBC}") = "Swarm2D.Cluster", "Swarm2D.Cluster\Swarm2D.Cluster.csproj", "{980C25BC-E870-440A-95E8-A37CBC812B9D}"
EndProject
Project("{FAE04EC0-301F-11D3-BF4B-00C04F79EFBC}") = "Swarm2D.Online", "Swarm2D.Online\Swarm2D.Online.csproj", "{983382CB-3A10-4C21-97DD-C388555C643A}"
EndProject
Project("{FAE04EC0-301F-11D3-BF4B-00C04F79EFBC}") = "Swarm2D.Online.GameClient", "Swarm2D.Online.GameClient\Swarm2D.Online.GameClient.csproj", "{9819CFFD-CE83-4856-A91E-0EEE307684F6}"
EndProject
Project("{FAE04EC0-301F-11D3-BF4B-00C04F79EFBC}") = "Swarm2D.Online.GameServer", "Swarm2D.Online.GameServer\Swarm2D.Online.GameServer.csproj", "{370736BE-C9FC-421B-9C36-15EBFED9972C}"
EndProject
Project("{FAE04EC0-301F-11D3-BF4B-00C04F79EFBC}") = "Swarm2D.Engine.Multiplayer.Scene", "Swarm2D.Engine.Multiplayer.Scene\Swarm2D.Engine.Multiplayer.Scene.csproj", "{20A34109-DF7F-4948-AA14-2741EFFF47A8}"
EndProject
Project("{FAE04EC0-301F-11D3-BF4B-00C04F79EFBC}") = "Swarm2D.Network", "Swarm2D.Network\Swarm2D.Network.csproj", "{5B906AF9-46F8-4179-AF2C-C93B631D41A8}"
EndProject
Project("{FAE04EC0-301F-11D3-BF4B-00C04F79EFBC}") = "Swarm2D.Unity.Logic", "Swarm2D.Unity.Logic\Swarm2D.Unity.Logic.csproj", "{F15EC44B-E734-4A0D-AE4F-51D032DDD93E}"
EndProject
Project("{FAE04EC0-301F-11D3-BF4B-00C04F79EFBC}") = "Swarm2D.Test", "Swarm2D.Test\Swarm2D.Test.csproj", "{31FD3234-2573-410F-BECE-E027EE1BA805}"
EndProject
Project("{FAE04EC0-301F-11D3-BF4B-00C04F79EFBC}") = "Swarm2D.Engine.Multiplayer", "Swarm2D.Engine.Multiplayer\Swarm2D.Engine.Multiplayer.csproj", "{C1E17DEB-2BBA-4647-9175-431D5DB319A3}"
EndProject
Project("{FAE04EC0-301F-11D3-BF4B-00C04F79EFBC}") = "Swarm2D.LogicFramework", "Swarm2D.LogicFramework\Swarm2D.LogicFramework.csproj", "{101FEDE4-B29B-4811-85F6-DC1F94B114FD}"
EndProject
Global
	GlobalSection(SolutionConfigurationPlatforms) = preSolution
		Debug|x86 = Debug|x86
		Release|x86 = Release|x86
	EndGlobalSection
	GlobalSection(ProjectConfigurationPlatforms) = postSolution
		{6C71FC43-48A5-49E5-A551-DD2613C6E6AB}.Debug|x86.ActiveCfg = Debug|Any CPU
		{6C71FC43-48A5-49E5-A551-DD2613C6E6AB}.Debug|x86.Build.0 = Debug|Any CPU
		{6C71FC43-48A5-49E5-A551-DD2613C6E6AB}.Release|x86.ActiveCfg = Release|Any CPU
		{6C71FC43-48A5-49E5-A551-DD2613C6E6AB}.Release|x86.Build.0 = Release|Any CPU
		{D4BE5483-B175-42AF-BC61-11F69B7FF33A}.Debug|x86.ActiveCfg = Debug|Any CPU
		{D4BE5483-B175-42AF-BC61-11F69B7FF33A}.Debug|x86.Build.0 = Debug|Any CPU
		{D4BE5483-B175-42AF-BC61-11F69B7FF33A}.Release|x86.ActiveCfg = Release|Any CPU
		{D4BE5483-B175-42AF-BC61-11F69B7FF33A}.Release|x86.Build.0 = Release|Any CPU
		{90B8198E-95E0-4A6F-A32B-FD3EFCCD2389}.Debug|x86.ActiveCfg = Debug|Any CPU
		{90B8198E-95E0-4A6F-A32B-FD3EFCCD2389}.Debug|x86.Build.0 = Debug|Any CPU
		{90B8198E-95E0-4A6F-A32B-FD3EFCCD2389}.Release|x86.ActiveCfg = Release|Any CPU
		{90B8198E-95E0-4A6F-A32B-FD3EFCCD2389}.Release|x86.Build.0 = Release|Any CPU
		{466195D8-09E4-475F-B45F-730839F477DF}.Debug|x86.ActiveCfg = Debug|Any CPU
		{466195D8-09E4-475F-B45F-730839F477DF}.Debug|x86.Build.0 = Debug|Any CPU
		{466195D8-09E4-475F-B45F-730839F477DF}.Release|x86.ActiveCfg = Release|Any CPU
		{466195D8-09E4-475F-B45F-730839F477DF}.Release|x86.Build.0 = Release|Any CPU
		{2D97BE2C-537A-41FC-8241-A49F1A7D6CA1}.Debug|x86.ActiveCfg = Debug|x86
		{2D97BE2C-537A-41FC-8241-A49F1A7D6CA1}.Debug|x86.Build.0 = Debug|x86
		{2D97BE2C-537A-41FC-8241-A49F1A7D6CA1}.Release|x86.ActiveCfg = Release|x86
		{2D97BE2C-537A-41FC-8241-A49F1A7D6CA1}.Release|x86.Build.0 = Release|x86
		{6597A877-2990-448C-B055-B445A9063041}.Debug|x86.ActiveCfg = Debug|Any CPU
		{6597A877-2990-448C-B055-B445A9063041}.Debug|x86.Build.0 = Debug|Any CPU
		{6597A877-2990-448C-B055-B445A9063041}.Release|x86.ActiveCfg = Release|Any CPU
		{6597A877-2990-448C-B055-B445A9063041}.Release|x86.Build.0 = Release|Any CPU
		{640E5C47-C2DF-44C9-8F2F-937D6C90B68A}.Debug|x86.ActiveCfg = Debug|x86
		{640E5C47-C2DF-44C9-8F2F-937D6C90B68A}.Debug|x86.Build.0 = Debug|x86
		{640E5C47-C2DF-44C9-8F2F-937D6C90B68A}.Release|x86.ActiveCfg = Release|x86
		{640E5C47-C2DF-44C9-8F2F-937D6C90B68A}.Release|x86.Build.0 = Release|x86
		{707F2179-B831-4BDB-A081-5B7FE460C439}.Debug|x86.ActiveCfg = Debug|x86
		{707F2179-B831-4BDB-A081-5B7FE460C439}.Debug|x86.Build.0 = Debug|x86
		{707F2179-B831-4BDB-A081-5B7FE460C439}.Release|x86.ActiveCfg = Release|x86
		{707F2179-B831-4BDB-A081-5B7FE460C439}.Release|x86.Build.0 = Release|x86
		{072CFB6F-A48B-4B87-A09A-9A30AB6BA1E6}.Debug|x86.ActiveCfg = Debug|Any CPU
		{072CFB6F-A48B-4B87-A09A-9A30AB6BA1E6}.Debug|x86.Build.0 = Debug|Any CPU
		{072CFB6F-A48B-4B87-A09A-9A30AB6BA1E6}.Release|x86.ActiveCfg = Release|Any CPU
		{072CFB6F-A48B-4B87-A09A-9A30AB6BA1E6}.Release|x86.Build.0 = Release|Any CPU
		{83245878-19B2-4889-B168-64EE10A74448}.Debug|x86.ActiveCfg = Debug|Any CPU
		{83245878-19B2-4889-B168-64EE10A74448}.Debug|x86.Build.0 = Debug|Any CPU
		{83245878-19B2-4889-B168-64EE10A74448}.Release|x86.ActiveCfg = Release|Any CPU
		{83245878-19B2-4889-B168-64EE10A74448}.Release|x86.Build.0 = Release|Any CPU
		{39E329B0-A7F3-4E68-8664-1FDC1DB6233B}.Debug|x86.ActiveCfg = Debug|x86
		{39E329B0-A7F3-4E68-8664-1FDC1DB6233B}.Debug|x86.Build.0 = Debug|x86
		{39E329B0-A7F3-4E68-8664-1FDC1DB6233B}.Release|x86.ActiveCfg = Release|x86
		{39E329B0-A7F3-4E68-8664-1FDC1DB6233B}.Release|x86.Build.0 = Release|x86
		{00E94D79-DD7A-4DD9-85F8-AD2BFE20C42B}.Debug|x86.ActiveCfg = Debug|Any CPU
		{00E94D79-DD7A-4DD9-85F8-AD2BFE20C42B}.Debug|x86.Build.0 = Debug|Any CPU
		{00E94D79-DD7A-4DD9-85F8-AD2BFE20C42B}.Release|x86.ActiveCfg = Release|Any CPU
		{00E94D79-DD7A-4DD9-85F8-AD2BFE20C42B}.Release|x86.Build.0 = Release|Any CPU
		{980C25BC-E870-440A-95E8-A37CBC812B9D}.Debug|x86.ActiveCfg = Debug|Any CPU
		{980C25BC-E870-440A-95E8-A37CBC812B9D}.Debug|x86.Build.0 = Debug|Any CPU
		{980C25BC-E870-440A-95E8-A37CBC812B9D}.Release|x86.ActiveCfg = Release|Any CPU
		{980C25BC-E870-440A-95E8-A37CBC812B9D}.Release|x86.Build.0 = Release|Any CPU
		{983382CB-3A10-4C21-97DD-C388555C643A}.Debug|x86.ActiveCfg = Debug|Any CPU
		{983382CB-3A10-4C21-97DD-C388555C643A}.Debug|x86.Build.0 = Debug|Any CPU
		{983382CB-3A10-4C21-97DD-C388555C643A}.Release|x86.ActiveCfg = Release|Any CPU
		{983382CB-3A10-4C21-97DD-C388555C643A}.Release|x86.Build.0 = Release|Any CPU
		{9819CFFD-CE83-4856-A91E-0EEE307684F6}.Debug|x86.ActiveCfg = Debug|Any CPU
		{9819CFFD-CE83-4856-A91E-0EEE307684F6}.Debug|x86.Build.0 = Debug|Any CPU
		{9819CFFD-CE83-4856-A91E-0EEE307684F6}.Release|x86.ActiveCfg = Release|Any CPU
		{9819CFFD-CE83-4856-A91E-0EEE307684F6}.Release|x86.Build.0 = Release|Any CPU
		{370736BE-C9FC-421B-9C36-15EBFED9972C}.Debug|x86.ActiveCfg = Debug|Any CPU
		{370736BE-C9FC-421B-9C36-15EBFED9972C}.Debug|x86.Build.0 = Debug|Any CPU
		{370736BE-C9FC-421B-9C36-15EBFED9972C}.Release|x86.ActiveCfg = Release|Any CPU
		{370736BE-C9FC-421B-9C36-15EBFED9972C}.Release|x86.Build.0 = Release|Any CPU
		{20A34109-DF7F-4948-AA14-2741EFFF47A8}.Debug|x86.ActiveCfg = Debug|Any CPU
		{20A34109-DF7F-4948-AA14-2741EFFF47A8}.Debug|x86.Build.0 = Debug|Any CPU
		{20A34109-DF7F-4948-AA14-2741EFFF47A8}.Release|x86.ActiveCfg = Release|Any CPU
		{20A34109-DF7F-4948-AA14-2741EFFF47A8}.Release|x86.Build.0 = Release|Any CPU
		{5B906AF9-46F8-4179-AF2C-C93B631D41A8}.Debug|x86.ActiveCfg = Debug|Any CPU
		{5B906AF9-46F8-4179-AF2C-C93B631D41A8}.Debug|x86.Build.0 = Debug|Any CPU
		{5B906AF9-46F8-4179-AF2C-C93B631D41A8}.Release|x86.ActiveCfg = Release|Any CPU
		{5B906AF9-46F8-4179-AF2C-C93B631D41A8}.Release|x86.Build.0 = Release|Any CPU
		{F15EC44B-E734-4A0D-AE4F-51D032DDD93E}.Debug|x86.ActiveCfg = Debug|Any CPU
		{F15EC44B-E734-4A0D-AE4F-51D032DDD93E}.Debug|x86.Build.0 = Debug|Any CPU
		{F15EC44B-E734-4A0D-AE4F-51D032DDD93E}.Release|x86.ActiveCfg = Release|Any CPU
		{F15EC44B-E734-4A0D-AE4F-51D032DDD93E}.Release|x86.Build.0 = Release|Any CPU
		{31FD3234-2573-410F-BECE-E027EE1BA805}.Debug|x86.ActiveCfg = Debug|Any CPU
		{31FD3234-2573-410F-BECE-E027EE1BA805}.Debug|x86.Build.0 = Debug|Any CPU
		{31FD3234-2573-410F-BECE-E027EE1BA805}.Release|x86.ActiveCfg = Release|Any CPU
		{31FD3234-2573-410F-BECE-E027EE1BA805}.Release|x86.Build.0 = Release|Any CPU
		{C1E17DEB-2BBA-4647-9175-431D5DB319A3}.Debug|x86.ActiveCfg = Debug|Any CPU
		{C1E17DEB-2BBA-4647-9175-431D5DB319A3}.Debug|x86.Build.0 = Debug|Any CPU
		{C1E17DEB-2BBA-4647-9175-431D5DB319A3}.Release|x86.ActiveCfg = Release|Any CPU
		{C1E17DEB-2BBA-4647-9175-431D5DB319A3}.Release|x86.Build.0 = Release|Any CPU
		{101FEDE4-B29B-4811-85F6-DC1F94B114FD}.Debug|x86.ActiveCfg = Debug|Any CPU
		{101FEDE4-B29B-4811-85F6-DC1F94B114FD}.Debug|x86.Build.0 = Debug|Any CPU
		{101FEDE4-B29B-4811-85F6-DC1F94B114FD}.Release|x86.ActiveCfg = Release|Any CPU
		{101FEDE4-B29B-4811-85F6-DC1F94B114FD}.Release|x86.Build.0 = Release|Any CPU
	EndGlobalSection
	GlobalSection(SolutionProperties) = preSolution
		HideSolutionNode = FALSE
	EndGlobalSection
	GlobalSection(ExtensibilityGlobals) = postSolution
		SolutionGuid = {C346F2F7-D89D-4717-AF87-81B91BC35BAA}
	EndGlobalSection
EndGlobal
